
Microsoft Visual Studio Solution File, Format Version 12.00
# Visual Studio Version 17
VisualStudioVersion = 17.3.32929.385
MinimumVisualStudioVersion = 10.0.40219.1
Project("{8BC9CEB8-8B4A-11D0-8D11-00A0C91BC942}") = "ht_7.1", "ht_7.1\ht_7.1.vcxproj", "{85830ABB-1189-4F2F-8486-BF15965EE72A}"
EndProject
Global
	GlobalSection(SolutionConfigurationPlatforms) = preSolution
		Debug|x64 = Debug|x64
		Debug|x86 = Debug|x86
		Release|x64 = Release|x64
		Release|x86 = Release|x86
	EndGlobalSection
	GlobalSection(ProjectConfigurationPlatforms) = postSolution
		{85830ABB-1189-4F2F-8486-BF15965EE72A}.Debug|x64.ActiveCfg = Debug|x64
		{85830ABB-1189-4F2F-8486-BF15965EE72A}.Debug|x64.Build.0 = Debug|x64
		{85830ABB-1189-4F2F-8486-BF15965EE72A}.Debug|x86.ActiveCfg = Debug|Win32
		{85830ABB-1189-4F2F-8486-BF15965EE72A}.Debug|x86.Build.0 = Debug|Win32
		{85830ABB-1189-4F2F-8486-BF15965EE72A}.Release|x64.ActiveCfg = Release|x64
		{85830ABB-1189-4F2F-8486-BF15965EE72A}.Release|x64.Build.0 = Release|x64
		{85830ABB-1189-4F2F-8486-BF15965EE72A}.Release|x86.ActiveCfg = Release|Win32
		{85830ABB-1189-4F2F-8486-BF15965EE72A}.Release|x86.Build.0 = Release|Win32
	EndGlobalSection
	GlobalSection(SolutionProperties) = preSolution
		HideSolutionNode = FALSE
	EndGlobalSection
	GlobalSection(ExtensibilityGlobals) = postSolution
		SolutionGuid = {AD554388-0D0E-4C68-AB77-FAEAFBA408F1}
	EndGlobalSection
EndGlobal
